beautifulsoup4==4.6.0
Click==7.0
configparser==3.7.4
coverage==3.7.1
ddt==1.1.0
elifearticle==0.1.1
elifecrossref==0.1.1
elifetools==0.1.8
Flask==1.0.2
gitdb2==2.0.5
GitPython==2.1.11
gunicorn==19.9.0
itsdangerous==1.1.0
Jinja2==2.10.1
lxml==4.1.1
MarkupSafe==1.1.1
python-slugify==1.2.4
requests==2.11.1
six==1.12.0
smmap2==2.0.5
Unidecode==1.0.23
unittest-xml-reporting==1.12.0
Werkzeug==0.15.2
